
Microsoft Visual Studio Solution File, Format Version 12.00
# Visual Studio 14
VisualStudioVersion = 14.0.23107.0
MinimumVisualStudioVersion = 10.0.40219.1
Project("{FAE04EC0-301F-11D3-BF4B-00C04F79EFBC}") = "OpenCoverSample", "OpenCoverSample\OpenCoverSample.csproj", "{2CB08DAA-2ED8-4A81-8425-802DC5DE4CA4}"
EndProject
Project("{FAE04EC0-301F-11D3-BF4B-00C04F79EFBC}") = "OpenCoverSample.Test", "OpenCoverSample.Test\OpenCoverSample.Test.csproj", "{8F75CF39-FE16-44A5-A70E-F7D9EB6096D4}"
EndProject
Global
	GlobalSection(SolutionConfigurationPlatforms) = preSolution
		Debug|Any CPU = Debug|Any CPU
		Release|Any CPU = Release|Any CPU
	EndGlobalSection
	GlobalSection(ProjectConfigurationPlatforms) = postSolution
		{2CB08DAA-2ED8-4A81-8425-802DC5DE4CA4}.Debug|Any CPU.ActiveCfg = Debug|Any CPU
		{2CB08DAA-2ED8-4A81-8425-802DC5DE4CA4}.Debug|Any CPU.Build.0 = Debug|Any CPU
		{2CB08DAA-2ED8-4A81-8425-802DC5DE4CA4}.Release|Any CPU.ActiveCfg = Release|Any CPU
		{2CB08DAA-2ED8-4A81-8425-802DC5DE4CA4}.Release|Any CPU.Build.0 = Release|Any CPU
		{8F75CF39-FE16-44A5-A70E-F7D9EB6096D4}.Debug|Any CPU.ActiveCfg = Debug|Any CPU
		{8F75CF39-FE16-44A5-A70E-F7D9EB6096D4}.Debug|Any CPU.Build.0 = Debug|Any CPU
		{8F75CF39-FE16-44A5-A70E-F7D9EB6096D4}.Release|Any CPU.ActiveCfg = Release|Any CPU
		{8F75CF39-FE16-44A5-A70E-F7D9EB6096D4}.Release|Any CPU.Build.0 = Release|Any CPU
	EndGlobalSection
	GlobalSection(SolutionProperties) = preSolution
		HideSolutionNode = FALSE
	EndGlobalSection
EndGlobal
